// !$*UTF8*$!
{
	archiveVersion = 1;
	classes = {
	};
	objectVersion = 50;
	objects = {

/* Begin PBXBuildFile section */
		06605C8B20E0464300F75C74 /* AppDelegate.swift in Sources */ = {isa = PBXBuildFile; fileRef = 06605C8A20E0464300F75C74 /* AppDelegate.swift */; };
		06605C8D20E0464300F75C74 /* ViewController.swift in Sources */ = {isa = PBXBuildFile; fileRef = 06605C8C20E0464300F75C74 /* ViewController.swift */; };
		06605C9020E0464300F75C74 /* Main.storyboard in Resources */ = {isa = PBXBuildFile; fileRef = 06605C8E20E0464300F75C74 /* Main.storyboard */; };
		06605C9320E0464300F75C74 /* OnTheMap.xcdatamodeld in Sources */ = {isa = PBXBuildFile; fileRef = 06605C9120E0464300F75C74 /* OnTheMap.xcdatamodeld */; };
		06605C9520E0464600F75C74 /* Assets.xcassets in Resources */ = {isa = PBXBuildFile; fileRef = 06605C9420E0464600F75C74 /* Assets.xcassets */; };
		06605C9820E0464600F75C74 /* LaunchScreen.storyboard in Resources */ = {isa = PBXBuildFile; fileRef = 06605C9620E0464600F75C74 /* LaunchScreen.storyboard */; };
		06605CA320E0464600F75C74 /* OnTheMapTests.swift in Sources */ = {isa = PBXBuildFile; fileRef = 06605CA220E0464600F75C74 /* OnTheMapTests.swift */; };
		06605CAE20E0464600F75C74 /* OnTheMapUITests.swift in Sources */ = {isa = PBXBuildFile; fileRef = 06605CAD20E0464600F75C74 /* OnTheMapUITests.swift */; };
/* End PBXBuildFile section */

/* Begin PBXContainerItemProxy section */
		06605C9F20E0464600F75C74 /* PBXContainerItemProxy */ = {
			isa = PBXContainerItemProxy;
			containerPortal = 06605C7F20E0464300F75C74 /* Project object */;
			proxyType = 1;
			remoteGlobalIDString = 06605C8620E0464300F75C74;
			remoteInfo = OnTheMap;
		};
		06605CAA20E0464600F75C74 /* PBXContainerItemProxy */ = {
			isa = PBXContainerItemProxy;
			containerPortal = 06605C7F20E0464300F75C74 /* Project object */;
			proxyType = 1;
			remoteGlobalIDString = 06605C8620E0464300F75C74;
			remoteInfo = OnTheMap;
		};
/* End PBXContainerItemProxy section */

/* Begin PBXFileReference section */
		06605C8720E0464300F75C74 /* OnTheMap.app */ = {isa = PBXFileReference; explicitFileType = wrapper.application; includeInIndex = 0; path = OnTheMap.app; sourceTree = BUILT_PRODUCTS_DIR; };
		06605C8A20E0464300F75C74 /* AppDelegate.swift */ = {isa = PBXFileReference; lastKnownFileType = sourcecode.swift; path = AppDelegate.swift; sourceTree = "<group>"; };
		06605C8C20E0464300F75C74 /* ViewController.swift */ = {isa = PBXFileReference; lastKnownFileType = sourcecode.swift; path = ViewController.swift; sourceTree = "<group>"; };
		06605C8F20E0464300F75C74 /* Base */ = {isa = PBXFileReference; lastKnownFileType = file.storyboard; name = Base; path = Base.lproj/Main.storyboard; sourceTree = "<group>"; };
		06605C9220E0464300F75C74 /* OnTheMap.xcdatamodel */ = {isa = PBXFileReference; lastKnownFileType = wrapper.xcdatamodel; path = OnTheMap.xcdatamodel; sourceTree = "<group>"; };
		06605C9420E0464600F75C74 /* Assets.xcassets */ = {isa = PBXFileReference; lastKnownFileType = folder.assetcatalog; path = Assets.xcassets; sourceTree = "<group>"; };
		06605C9720E0464600F75C74 /* Base */ = {isa = PBXFileReference; lastKnownFileType = file.storyboard; name = Base; path = Base.lproj/LaunchScreen.storyboard; sourceTree = "<group>"; };
		06605C9920E0464600F75C74 /* Info.plist */ = {isa = PBXFileReference; lastKnownFileType = text.plist.xml; path = Info.plist; sourceTree = "<group>"; };
		06605C9E20E0464600F75C74 /* OnTheMapTests.xctest */ = {isa = PBXFileReference; explicitFileType = wrapper.cfbundle; includeInIndex = 0; path = OnTheMapTests.xctest; sourceTree = BUILT_PRODUCTS_DIR; };
		06605CA220E0464600F75C74 /* OnTheMapTests.swift */ = {isa = PBXFileReference; lastKnownFileType = sourcecode.swift; path = OnTheMapTests.swift; sourceTree = "<group>"; };
		06605CA420E0464600F75C74 /* Info.plist */ = {isa = PBXFileReference; lastKnownFileType = text.plist.xml; path = Info.plist; sourceTree = "<group>"; };
		06605CA920E0464600F75C74 /* OnTheMapUITests.xctest */ = {isa = PBXFileReference; explicitFileType = wrapper.cfbundle; includeInIndex = 0; path = OnTheMapUITests.xctest; sourceTree = BUILT_PRODUCTS_DIR; };
		06605CAD20E0464600F75C74 /* OnTheMapUITests.swift */ = {isa = PBXFileReference; lastKnownFileType = sourcecode.swift; path = OnTheMapUITests.swift; sourceTree = "<group>"; };
		06605CAF20E0464700F75C74 /* Info.plist */ = {isa = PBXFileReference; lastKnownFileType = text.plist.xml; path = Info.plist; sourceTree = "<group>"; };
/* End PBXFileReference section */

/* Begin PBXFrameworksBuildPhase section */
		06605C8420E0464300F75C74 /* Frameworks */ = {
			isa = PBXFrameworksBuildPhase;
			buildActionMask = 2147483647;
			files = (
			);
			runOnlyForDeploymentPostprocessing = 0;
		};
		06605C9B20E0464600F75C74 /* Frameworks */ = {
			isa = PBXFrameworksBuildPhase;
			buildActionMask = 2147483647;
			files = (
			);
			runOnlyForDeploymentPostprocessing = 0;
		};
		06605CA620E0464600F75C74 /* Frameworks */ = {
			isa = PBXFrameworksBuildPhase;
			buildActionMask = 2147483647;
			files = (
			);
			runOnlyForDeploymentPostprocessing = 0;
		};
/* End PBXFrameworksBuildPhase section */

/* Begin PBXGroup section */
		06605C7E20E0464300F75C74 = {
			isa = PBXGroup;
			children = (
				06605C8920E0464300F75C74 /* OnTheMap */,
				06605CA120E0464600F75C74 /* OnTheMapTests */,
				06605CAC20E0464600F75C74 /* OnTheMapUITests */,
				06605C8820E0464300F75C74 /* Products */,
			);
			sourceTree = "<group>";
		};
		06605C8820E0464300F75C74 /* Products */ = {
			isa = PBXGroup;
			children = (
				06605C8720E0464300F75C74 /* OnTheMap.app */,
				06605C9E20E0464600F75C74 /* OnTheMapTests.xctest */,
				06605CA920E0464600F75C74 /* OnTheMapUITests.xctest */,
			);
			name = Products;
			sourceTree = "<group>";
		};
		06605C8920E0464300F75C74 /* OnTheMap */ = {
			isa = PBXGroup;
			children = (
				06605C8A20E0464300F75C74 /* AppDelegate.swift */,
				06605C8C20E0464300F75C74 /* ViewController.swift */,
				06605C8E20E0464300F75C74 /* Main.storyboard */,
				06605C9420E0464600F75C74 /* Assets.xcassets */,
				06605C9620E0464600F75C74 /* LaunchScreen.storyboard */,
				06605C9920E0464600F75C74 /* Info.plist */,
				06605C9120E0464300F75C74 /* OnTheMap.xcdatamodeld */,
			);
			path = OnTheMap;
			sourceTree = "<group>";
		};
		06605CA120E0464600F75C74 /* OnTheMapTests */ = {
			isa = PBXGroup;
			children = (
				06605CA220E0464600F75C74 /* OnTheMapTests.swift */,
				06605CA420E0464600F75C74 /* Info.plist */,
			);
			path = OnTheMapTests;
			sourceTree = "<group>";
		};
		06605CAC20E0464600F75C74 /* OnTheMapUITests */ = {
			isa = PBXGroup;
			children = (
				06605CAD20E0464600F75C74 /* OnTheMapUITests.swift */,
				06605CAF20E0464700F75C74 /* Info.plist */,
			);
			path = OnTheMapUITests;
			sourceTree = "<group>";
		};
/* End PBXGroup section */

/* Begin PBXNativeTarget section */
		06605C8620E0464300F75C74 /* OnTheMap */ = {
			isa = PBXNativeTarget;
			buildConfigurationList = 06605CB220E0464700F75C74 /* Build configuration list for PBXNativeTarget "OnTheMap" */;
			buildPhases = (
				06605C8320E0464300F75C74 /* Sources */,
				06605C8420E0464300F75C74 /* Frameworks */,
				06605C8520E0464300F75C74 /* Resources */,
			);
			buildRules = (
			);
			dependencies = (
			);
			name = OnTheMap;
			productName = OnTheMap;
			productReference = 06605C8720E0464300F75C74 /* OnTheMap.app */;
			productType = "com.apple.product-type.application";
		};
		06605C9D20E0464600F75C74 /* OnTheMapTests */ = {
			isa = PBXNativeTarget;
			buildConfigurationList = 06605CB520E0464700F75C74 /* Build configuration list for PBXNativeTarget "OnTheMapTests" */;
			buildPhases = (
				06605C9A20E0464600F75C74 /* Sources */,
				06605C9B20E0464600F75C74 /* Frameworks */,
				06605C9C20E0464600F75C74 /* Resources */,
			);
			buildRules = (
			);
			dependencies = (
				06605CA020E0464600F75C74 /* PBXTargetDependency */,
			);
			name = OnTheMapTests;
			productName = OnTheMapTests;
			productReference = 06605C9E20E0464600F75C74 /* OnTheMapTests.xctest */;
			productType = "com.apple.product-type.bundle.unit-test";
		};
		06605CA820E0464600F75C74 /* OnTheMapUITests */ = {
			isa = PBXNativeTarget;
			buildConfigurationList = 06605CB820E0464700F75C74 /* Build configuration list for PBXNativeTarget "OnTheMapUITests" */;
			buildPhases = (
				06605CA520E0464600F75C74 /* Sources */,
				06605CA620E0464600F75C74 /* Frameworks */,
				06605CA720E0464600F75C74 /* Resources */,
			);
			buildRules = (
			);
			dependencies = (
				06605CAB20E0464600F75C74 /* PBXTargetDependency */,
			);
			name = OnTheMapUITests;
			productName = OnTheMapUITests;
			productReference = 06605CA920E0464600F75C74 /* OnTheMapUITests.xctest */;
			productType = "com.apple.product-type.bundle.ui-testing";
		};
/* End PBXNativeTarget section */

/* Begin PBXProject section */
		06605C7F20E0464300F75C74 /* Project object */ = {
			isa = PBXProject;
			attributes = {
				LastSwiftUpdateCheck = 0940;
				LastUpgradeCheck = 0940;
				ORGANIZATIONNAME = "David Mulvihill";
				TargetAttributes = {
					06605C8620E0464300F75C74 = {
						CreatedOnToolsVersion = 9.4.1;
					};
					06605C9D20E0464600F75C74 = {
						CreatedOnToolsVersion = 9.4.1;
						TestTargetID = 06605C8620E0464300F75C74;
					};
					06605CA820E0464600F75C74 = {
						CreatedOnToolsVersion = 9.4.1;
						TestTargetID = 06605C8620E0464300F75C74;
					};
				};
			};
			buildConfigurationList = 06605C8220E0464300F75C74 /* Build configuration list for PBXProject "OnTheMap" */;
			compatibilityVersion = "Xcode 9.3";
			developmentRegion = en;
			hasScannedForEncodings = 0;
			knownRegions = (
				en,
				Base,
			);
			mainGroup = 06605C7E20E0464300F75C74;
			productRefGroup = 06605C8820E0464300F75C74 /* Products */;
			projectDirPath = "";
			projectRoot = "";
			targets = (
				06605C8620E0464300F75C74 /* OnTheMap */,
				06605C9D20E0464600F75C74 /* OnTheMapTests */,
				06605CA820E0464600F75C74 /* OnTheMapUITests */,
			);
		};
/* End PBXProject section */

/* Begin PBXResourcesBuildPhase section */
		06605C8520E0464300F75C74 /* Resources */ = {
			isa = PBXResourcesBuildPhase;
			buildActionMask = 2147483647;
			files = (
				06605C9820E0464600F75C74 /* LaunchScreen.storyboard in Resources */,
				06605C9520E0464600F75C74 /* Assets.xcassets in Resources */,
				06605C9020E0464300F75C74 /* Main.storyboard in Resources */,
			);
			runOnlyForDeploymentPostprocessing = 0;
		};
		06605C9C20E0464600F75C74 /* Resources */ = {
			isa = PBXResourcesBuildPhase;
			buildActionMask = 2147483647;
			files = (
			);
			runOnlyForDeploymentPostprocessing = 0;
		};
		06605CA720E0464600F75C74 /* Resources */ = {
			isa = PBXResourcesBuildPhase;
			buildActionMask = 2147483647;
			files = (
			);
			runOnlyForDeploymentPostprocessing = 0;
		};
/* End PBXResourcesBuildPhase section */

/* Begin PBXSourcesBuildPhase section */
		06605C8320E0464300F75C74 /* Sources */ = {
			isa = PBXSourcesBuildPhase;
			buildActionMask = 2147483647;
			files = (
				06605C9320E0464300F75C74 /* OnTheMap.xcdatamodeld in Sources */,
				06605C8D20E0464300F75C74 /* ViewController.swift in Sources */,
				06605C8B20E0464300F75C74 /* AppDelegate.swift in Sources */,
			);
			runOnlyForDeploymentPostprocessing = 0;
		};
		06605C9A20E0464600F75C74 /* Sources */ = {
			isa = PBXSourcesBuildPhase;
			buildActionMask = 2147483647;
			files = (
				06605CA320E0464600F75C74 /* OnTheMapTests.swift in Sources */,
			);
			runOnlyForDeploymentPostprocessing = 0;
		};
		06605CA520E0464600F75C74 /* Sources */ = {
			isa = PBXSourcesBuildPhase;
			buildActionMask = 2147483647;
			files = (
				06605CAE20E0464600F75C74 /* OnTheMapUITests.swift in Sources */,
			);
			runOnlyForDeploymentPostprocessing = 0;
		};
/* End PBXSourcesBuildPhase section */

/* Begin PBXTargetDependency section */
		06605CA020E0464600F75C74 /* PBXTargetDependency */ = {
			isa = PBXTargetDependency;
			target = 06605C8620E0464300F75C74 /* OnTheMap */;
			targetProxy = 06605C9F20E0464600F75C74 /* PBXContainerItemProxy */;
		};
		06605CAB20E0464600F75C74 /* PBXTargetDependency */ = {
			isa = PBXTargetDependency;
			target = 06605C8620E0464300F75C74 /* OnTheMap */;
			targetProxy = 06605CAA20E0464600F75C74 /* PBXContainerItemProxy */;
		};
/* End PBXTargetDependency section */

/* Begin PBXVariantGroup section */
		06605C8E20E0464300F75C74 /* Main.storyboard */ = {
			isa = PBXVariantGroup;
			children = (
				06605C8F20E0464300F75C74 /* Base */,
			);
			name = Main.storyboard;
			sourceTree = "<group>";
		};
		06605C9620E0464600F75C74 /* LaunchScreen.storyboard */ = {
			isa = PBXVariantGroup;
			children = (
				06605C9720E0464600F75C74 /* Base */,
			);
			name = LaunchScreen.storyboard;
			sourceTree = "<group>";
		};
/* End PBXVariantGroup section */

/* Begin XCBuildConfiguration section */
		06605CB020E0464700F75C74 /* Debug */ = {
			isa = XCBuildConfiguration;
			buildSettings = {
				ALWAYS_SEARCH_USER_PATHS = NO;
				CLANG_ANALYZER_NONNULL = YES;
				CLANG_ANALYZER_NUMBER_OBJECT_CONVERSION = YES_AGGRESSIVE;
				CLANG_CXX_LANGUAGE_STANDARD = "gnu++14";
				CLANG_CXX_LIBRARY = "libc++";
				CLANG_ENABLE_MODULES = YES;
				CLANG_ENABLE_OBJC_ARC = YES;
				CLANG_ENABLE_OBJC_WEAK = YES;
				CLANG_WARN_BLOCK_CAPTURE_AUTORELEASING = YES;
				CLANG_WARN_BOOL_CONVERSION = YES;
				CLANG_WARN_COMMA = YES;
				CLANG_WARN_CONSTANT_CONVERSION = YES;
				CLANG_WARN_DEPRECATED_OBJC_IMPLEMENTATIONS = YES;
				CLANG_WARN_DIRECT_OBJC_ISA_USAGE = YES_ERROR;
				CLANG_WARN_DOCUMENTATION_COMMENTS = YES;
				CLANG_WARN_EMPTY_BODY = YES;
				CLANG_WARN_ENUM_CONVERSION = YES;
				CLANG_WARN_INFINITE_RECURSION = YES;
				CLANG_WARN_INT_CONVERSION = YES;
				CLANG_WARN_NON_LITERAL_NULL_CONVERSION = YES;
				CLANG_WARN_OBJC_IMPLICIT_RETAIN_SELF = YES;
				CLANG_WARN_OBJC_LITERAL_CONVERSION = YES;
				CLANG_WARN_OBJC_ROOT_CLASS = YES_ERROR;
				CLANG_WARN_RANGE_LOOP_ANALYSIS = YES;
				CLANG_WARN_STRICT_PROTOTYPES = YES;
				CLANG_WARN_SUSPICIOUS_MOVE = YES;
				CLANG_WARN_UNGUARDED_AVAILABILITY = YES_AGGRESSIVE;
				CLANG_WARN_UNREACHABLE_CODE = YES;
				CLANG_WARN__DUPLICATE_METHOD_MATCH = YES;
				CODE_SIGN_IDENTITY = "iPhone Developer";
				COPY_PHASE_STRIP = NO;
				DEBUG_INFORMATION_FORMAT = dwarf;
				ENABLE_STRICT_OBJC_MSGSEND = YES;
				ENABLE_TESTABILITY = YES;
				GCC_C_LANGUAGE_STANDARD = gnu11;
				GCC_DYNAMIC_NO_PIC = NO;
				GCC_NO_COMMON_BLOCKS = YES;
				GCC_OPTIMIZATION_LEVEL = 0;
				GCC_PREPROCESSOR_DEFINITIONS = (
					"DEBUG=1",
					"$(inherited)",
				);
				GCC_WARN_64_TO_32_BIT_CONVERSION = YES;
				GCC_WARN_ABOUT_RETURN_TYPE = YES_ERROR;
				GCC_WARN_UNDECLARED_SELECTOR = YES;
				GCC_WARN_UNINITIALIZED_AUTOS = YES_AGGRESSIVE;
				GCC_WARN_UNUSED_FUNCTION = YES;
				GCC_WARN_UNUSED_VARIABLE = YES;
				IPHONEOS_DEPLOYMENT_TARGET = 11.4;
				MTL_ENABLE_DEBUG_INFO = YES;
				ONLY_ACTIVE_ARCH = YES;
				SDKROOT = iphoneos;
				SWIFT_ACTIVE_COMPILATION_CONDITIONS = DEBUG;
				SWIFT_OPTIMIZATION_LEVEL = "-Onone";
			};
			name = Debug;
		};
		06605CB120E0464700F75C74 /* Release */ = {
			isa = XCBuildConfiguration;
			buildSettings = {
				ALWAYS_SEARCH_USER_PATHS = NO;
				CLANG_ANALYZER_NONNULL = YES;
				CLANG_ANALYZER_NUMBER_OBJECT_CONVERSION = YES_AGGRESSIVE;
				CLANG_CXX_LANGUAGE_STANDARD = "gnu++14";
				CLANG_CXX_LIBRARY = "libc++";
				CLANG_ENABLE_MODULES = YES;
				CLANG_ENABLE_OBJC_ARC = YES;
				CLANG_ENABLE_OBJC_WEAK = YES;
				CLANG_WARN_BLOCK_CAPTURE_AUTORELEASING = YES;
				CLANG_WARN_BOOL_CONVERSION = YES;
				CLANG_WARN_COMMA = YES;
				CLANG_WARN_CONSTANT_CONVERSION = YES;
				CLANG_WARN_DEPRECATED_OBJC_IMPLEMENTATIONS = YES;
				CLANG_WARN_DIRECT_OBJC_ISA_USAGE = YES_ERROR;
				CLANG_WARN_DOCUMENTATION_COMMENTS = YES;
				CLANG_WARN_EMPTY_BODY = YES;
				CLANG_WARN_ENUM_CONVERSION = YES;
				CLANG_WARN_INFINITE_RECURSION = YES;
				CLANG_WARN_INT_CONVERSION = YES;
				CLANG_WARN_NON_LITERAL_NULL_CONVERSION = YES;
				CLANG_WARN_OBJC_IMPLICIT_RETAIN_SELF = YES;
				CLANG_WARN_OBJC_LITERAL_CONVERSION = YES;
				CLANG_WARN_OBJC_ROOT_CLASS = YES_ERROR;
				CLANG_WARN_RANGE_LOOP_ANALYSIS = YES;
				CLANG_WARN_STRICT_PROTOTYPES = YES;
				CLANG_WARN_SUSPICIOUS_MOVE = YES;
				CLANG_WARN_UNGUARDED_AVAILABILITY = YES_AGGRESSIVE;
				CLANG_WARN_UNREACHABLE_CODE = YES;
				CLANG_WARN__DUPLICATE_METHOD_MATCH = YES;
				CODE_SIGN_IDENTITY = "iPhone Developer";
				COPY_PHASE_STRIP = NO;
				DEBUG_INFORMATION_FORMAT = "dwarf-with-dsym";
				ENABLE_NS_ASSERTIONS = NO;
				ENABLE_STRICT_OBJC_MSGSEND = YES;
				GCC_C_LANGUAGE_STANDARD = gnu11;
				GCC_NO_COMMON_BLOCKS = YES;
				GCC_WARN_64_TO_32_BIT_CONVERSION = YES;
				GCC_WARN_ABOUT_RETURN_TYPE = YES_ERROR;
				GCC_WARN_UNDECLARED_SELECTOR = YES;
				GCC_WARN_UNINITIALIZED_AUTOS = YES_AGGRESSIVE;
				GCC_WARN_UNUSED_FUNCTION = YES;
				GCC_WARN_UNUSED_VARIABLE = YES;
				IPHONEOS_DEPLOYMENT_TARGET = 11.4;
				MTL_ENABLE_DEBUG_INFO = NO;
				SDKROOT = iphoneos;
				SWIFT_COMPILATION_MODE = wholemodule;
				SWIFT_OPTIMIZATION_LEVEL = "-O";
				VALIDATE_PRODUCT = YES;
			};
			name = Release;
		};
		06605CB320E0464700F75C74 /* Debug */ = {
			isa = XCBuildConfiguration;
			buildSettings = {
				ASSETCATALOG_COMPILER_APPICON_NAME = AppIcon;
				CODE_SIGN_STYLE = Automatic;
				DEVELOPMENT_TEAM = 65L2JC7AXT;
				INFOPLIST_FILE = OnTheMap/Info.plist;
				LD_RUNPATH_SEARCH_PATHS = (
					"$(inherited)",
					"@executable_path/Frameworks",
				);
				PRODUCT_BUNDLE_IDENTIFIER = com.mulvihill.dave.OnTheMap;
				PRODUCT_NAME = "$(TARGET_NAME)";
				SWIFT_VERSION = 4.0;
				TARGETED_DEVICE_FAMILY = "1,2";
			};
			name = Debug;
		};
		06605CB420E0464700F75C74 /* Release */ = {
			isa = XCBuildConfiguration;
			buildSettings = {
				ASSETCATALOG_COMPILER_APPICON_NAME = AppIcon;
				CODE_SIGN_STYLE = Automatic;
				DEVELOPMENT_TEAM = 65L2JC7AXT;
				INFOPLIST_FILE = OnTheMap/Info.plist;
				LD_RUNPATH_SEARCH_PATHS = (
					"$(inherited)",
					"@executable_path/Frameworks",
				);
				PRODUCT_BUNDLE_IDENTIFIER = com.mulvihill.dave.OnTheMap;
				PRODUCT_NAME = "$(TARGET_NAME)";
				SWIFT_VERSION = 4.0;
				TARGETED_DEVICE_FAMILY = "1,2";
			};
			name = Release;
		};
		06605CB620E0464700F75C74 /* Debug */ = {
			isa = XCBuildConfiguration;
			buildSettings = {
				ALWAYS_EMBED_SWIFT_STANDARD_LIBRARIES = YES;
				BUNDLE_LOADER = "$(TEST_HOST)";
				CODE_SIGN_STYLE = Automatic;
				DEVELOPMENT_TEAM = 65L2JC7AXT;
				INFOPLIST_FILE = OnTheMapTests/Info.plist;
				LD_RUNPATH_SEARCH_PATHS = (
					"$(inherited)",
					"@executable_path/Frameworks",
					"@loader_path/Frameworks",
				);
				PRODUCT_BUNDLE_IDENTIFIER = com.mulvihill.dave.OnTheMapTests;
				PRODUCT_NAME = "$(TARGET_NAME)";
				SWIFT_VERSION = 4.0;
				TARGETED_DEVICE_FAMILY = "1,2";
				TEST_HOST = "$(BUILT_PRODUCTS_DIR)/OnTheMap.app/OnTheMap";
			};
			name = Debug;
		};
		06605CB720E0464700F75C74 /* Release */ = {
			isa = XCBuildConfiguration;
			buildSettings = {
				ALWAYS_EMBED_SWIFT_STANDARD_LIBRARIES = YES;
				BUNDLE_LOADER = "$(TEST_HOST)";
				CODE_SIGN_STYLE = Automatic;
				DEVELOPMENT_TEAM = 65L2JC7AXT;
				INFOPLIST_FILE = OnTheMapTests/Info.plist;
				LD_RUNPATH_SEARCH_PATHS = (
					"$(inherited)",
					"@executable_path/Frameworks",
					"@loader_path/Frameworks",
				);
				PRODUCT_BUNDLE_IDENTIFIER = com.mulvihill.dave.OnTheMapTests;
				PRODUCT_NAME = "$(TARGET_NAME)";
				SWIFT_VERSION = 4.0;
				TARGETED_DEVICE_FAMILY = "1,2";
				TEST_HOST = "$(BUILT_PRODUCTS_DIR)/OnTheMap.app/OnTheMap";
			};
			name = Release;
		};
		06605CB920E0464700F75C74 /* Debug */ = {
			isa = XCBuildConfiguration;
			buildSettings = {
				ALWAYS_EMBED_SWIFT_STANDARD_LIBRARIES = YES;
				CODE_SIGN_STYLE = Automatic;
				DEVELOPMENT_TEAM = 65L2JC7AXT;
				INFOPLIST_FILE = OnTheMapUITests/Info.plist;
				LD_RUNPATH_SEARCH_PATHS = (
					"$(inherited)",
					"@executable_path/Frameworks",
					"@loader_path/Frameworks",
				);
				PRODUCT_BUNDLE_IDENTIFIER = com.mulvihill.dave.OnTheMapUITests;
				PRODUCT_NAME = "$(TARGET_NAME)";
				SWIFT_VERSION = 4.0;
				TARGETED_DEVICE_FAMILY = "1,2";
				TEST_TARGET_NAME = OnTheMap;
			};
			name = Debug;
		};
		06605CBA20E0464700F75C74 /* Release */ = {
			isa = XCBuildConfiguration;
			buildSettings = {
				ALWAYS_EMBED_SWIFT_STANDARD_LIBRARIES = YES;
				CODE_SIGN_STYLE = Automatic;
				DEVELOPMENT_TEAM = 65L2JC7AXT;
				INFOPLIST_FILE = OnTheMapUITests/Info.plist;
				LD_RUNPATH_SEARCH_PATHS = (
					"$(inherited)",
					"@executable_path/Frameworks",
					"@loader_path/Frameworks",
				);
				PRODUCT_BUNDLE_IDENTIFIER = com.mulvihill.dave.OnTheMapUITests;
				PRODUCT_NAME = "$(TARGET_NAME)";
				SWIFT_VERSION = 4.0;
				TARGETED_DEVICE_FAMILY = "1,2";
				TEST_TARGET_NAME = OnTheMap;
			};
			name = Release;
		};
/* End XCBuildConfiguration section */

/* Begin XCConfigurationList section */
		06605C8220E0464300F75C74 /* Build configuration list for PBXProject "OnTheMap" */ = {
			isa = XCConfigurationList;
			buildConfigurations = (
				06605CB020E0464700F75C74 /* Debug */,
				06605CB120E0464700F75C74 /* Release */,
			);
			defaultConfigurationIsVisible = 0;
			defaultConfigurationName = Release;
		};
		06605CB220E0464700F75C74 /* Build configuration list for PBXNativeTarget "OnTheMap" */ = {
			isa = XCConfigurationList;
			buildConfigurations = (
				06605CB320E0464700F75C74 /* Debug */,
				06605CB420E0464700F75C74 /* Release */,
			);
			defaultConfigurationIsVisible = 0;
			defaultConfigurationName = Release;
		};
		06605CB520E0464700F75C74 /* Build configuration list for PBXNativeTarget "OnTheMapTests" */ = {
			isa = XCConfigurationList;
			buildConfigurations = (
				06605CB620E0464700F75C74 /* Debug */,
				06605CB720E0464700F75C74 /* Release */,
			);
			defaultConfigurationIsVisible = 0;
			defaultConfigurationName = Release;
		};
		06605CB820E0464700F75C74 /* Build configuration list for PBXNativeTarget "OnTheMapUITests" */ = {
			isa = XCConfigurationList;
			buildConfigurations = (
				06605CB920E0464700F75C74 /* Debug */,
				06605CBA20E0464700F75C74 /* Release */,
			);
			defaultConfigurationIsVisible = 0;
			defaultConfigurationName = Release;
		};
/* End XCConfigurationList section */

/* Begin XCVersionGroup section */
		06605C9120E0464300F75C74 /* OnTheMap.xcdatamodeld */ = {
			isa = XCVersionGroup;
			children = (
				06605C9220E0464300F75C74 /* OnTheMap.xcdatamodel */,
			);
			currentVersion = 06605C9220E0464300F75C74 /* OnTheMap.xcdatamodel */;
			path = OnTheMap.xcdatamodeld;
			sourceTree = "<group>";
			versionGroupType = wrapper.xcdatamodel;
		};
/* End XCVersionGroup section */
	};
	rootObject = 06605C7F20E0464300F75C74 /* Project object */;
}
